
Microsoft Visual Studio Solution File, Format Version 11.00
# Visual Studio 2010
Project("{FAE04EC0-301F-11D3-BF4B-00C04F79EFBC}") = "VPrint_372_addon", "VPrint_372_addon\VPrint_372_addon.csproj", "{7BBFF6A1-4EB9-40F3-AA85-0C81CAE1AD5E}"
EndProject
Project("{FAE04EC0-301F-11D3-BF4B-00C04F79EFBC}") = "VPrint.Common", "VPrint.Common\VPrint.Common.csproj", "{299F65C9-2BDF-42B2-BA4B-CA39F06328CA}"
EndProject
Project("{FAE04EC0-301F-11D3-BF4B-00C04F79EFBC}") = "VPrint", "VPrint\VPrint.csproj", "{CA89200F-243A-487C-ACF8-03F538A6C413}"
EndProject
Project("{2150E333-8FDC-42A3-9474-1A3956D46DE8}") = "_Libraries", "_Libraries", "{58757E6C-CA15-4111-8700-EF76764CBAB4}"
	ProjectSection(SolutionItems) = preProject
		Libraries\AForge.Controls.dll = Libraries\AForge.Controls.dll
		Libraries\AForge.DebuggerVisualizers (2010).dll = Libraries\AForge.DebuggerVisualizers (2010).dll
		Libraries\AForge.dll = Libraries\AForge.dll
		Libraries\AForge.Fuzzy.dll = Libraries\AForge.Fuzzy.dll
		Libraries\AForge.Genetic.dll = Libraries\AForge.Genetic.dll
		Libraries\AForge.Imaging.dll = Libraries\AForge.Imaging.dll
		Libraries\AForge.Imaging.Formats.dll = Libraries\AForge.Imaging.Formats.dll
		Libraries\AForge.Imaging.IPPrototyper.dll = Libraries\AForge.Imaging.IPPrototyper.dll
		Libraries\AForge.MachineLearning.dll = Libraries\AForge.MachineLearning.dll
		Libraries\AForge.Math.dll = Libraries\AForge.Math.dll
		Libraries\AForge.Neuro.dll = Libraries\AForge.Neuro.dll
		Libraries\AForge.Robotics.Lego.dll = Libraries\AForge.Robotics.Lego.dll
		Libraries\AForge.Robotics.Surveyor.dll = Libraries\AForge.Robotics.Surveyor.dll
		Libraries\AForge.Robotics.TeRK.dll = Libraries\AForge.Robotics.TeRK.dll
		Libraries\AForge.Video.DirectShow.dll = Libraries\AForge.Video.DirectShow.dll
		Libraries\AForge.Video.dll = Libraries\AForge.Video.dll
		Libraries\AForge.Video.FFMPEG.dll = Libraries\AForge.Video.FFMPEG.dll
		Libraries\AForge.Video.Kinect.dll = Libraries\AForge.Video.Kinect.dll
		Libraries\AForge.Video.VFW.dll = Libraries\AForge.Video.VFW.dll
		Libraries\AForge.Video.Ximea.dll = Libraries\AForge.Video.Ximea.dll
		Libraries\AForge.Vision.dll = Libraries\AForge.Vision.dll
		Libraries\BarCode.dll = Libraries\BarCode.dll
		Libraries\Barcodes.Barcode.dll = Libraries\Barcodes.Barcode.dll
		Libraries\DTK.BarReader.dll = Libraries\DTK.BarReader.dll
		Libraries\DTK.BarReader.xml = Libraries\DTK.BarReader.xml
		Libraries\DTKBarReader.dll = Libraries\DTKBarReader.dll
		Libraries\ICSharpCode.TextEditor.dll = Libraries\ICSharpCode.TextEditor.dll
		Libraries\Ionic.Zip.dll = Libraries\Ionic.Zip.dll
		Libraries\Ionic.Zlib.dll = Libraries\Ionic.Zlib.dll
	EndProjectSection
EndProject
Project("{2150E333-8FDC-42A3-9474-1A3956D46DE8}") = "XmlConfigurations", "XmlConfigurations", "{D538AF15-3F7C-4ECC-8475-EF419458B3F6}"
	ProjectSection(SolutionItems) = preProject
		XmlConfigurations\print203_Type1_Raz.xml = XmlConfigurations\print203_Type1_Raz.xml
		XmlConfigurations\print203_Type1_RazX.xml = XmlConfigurations\print203_Type1_RazX.xml
		XmlConfigurations\print250_A.xml = XmlConfigurations\print250_A.xml
		XmlConfigurations\print250_B.xml = XmlConfigurations\print250_B.xml
		XmlConfigurations\print250_C.xml = XmlConfigurations\print250_C.xml
		XmlConfigurations\print250_D.xml = XmlConfigurations\print250_D.xml
		XmlConfigurations\print250_E.xml = XmlConfigurations\print250_E.xml
		XmlConfigurations\print250_G.xml = XmlConfigurations\print250_G.xml
		XmlConfigurations\print250_Type1.xml = XmlConfigurations\print250_Type1.xml
		XmlConfigurations\print250_Type1_Raz.xml = XmlConfigurations\print250_Type1_Raz.xml
		XmlConfigurations\print250_Type1Unx.xml = XmlConfigurations\print250_Type1Unx.xml
		XmlConfigurations\print250_Type2.xml = XmlConfigurations\print250_Type2.xml
		XmlConfigurations\print250_Type2Unx.xml = XmlConfigurations\print250_Type2Unx.xml
		XmlConfigurations\print250_Type3.xml = XmlConfigurations\print250_Type3.xml
		XmlConfigurations\print250_Type3Unx.xml = XmlConfigurations\print250_Type3Unx.xml
		XmlConfigurations\print250_Type4.xml = XmlConfigurations\print250_Type4.xml
		XmlConfigurations\print250_Type4Unx.xml = XmlConfigurations\print250_Type4Unx.xml
		XmlConfigurations\print250_Type5.xml = XmlConfigurations\print250_Type5.xml
		XmlConfigurations\print250_Type5Unx.xml = XmlConfigurations\print250_Type5Unx.xml
		XmlConfigurations\print250_Type6.xml = XmlConfigurations\print250_Type6.xml
		XmlConfigurations\print250_Type6Unx.xml = XmlConfigurations\print250_Type6Unx.xml
		XmlConfigurations\print250_Type7.xml = XmlConfigurations\print250_Type7.xml
		XmlConfigurations\print250_Type7Unx.xml = XmlConfigurations\print250_Type7Unx.xml
		XmlConfigurations\print276.xml = XmlConfigurations\print276.xml
		XmlConfigurations\print276_Type1.xml = XmlConfigurations\print276_Type1.xml
		XmlConfigurations\print276_Type1_Raz.xml = XmlConfigurations\print276_Type1_Raz.xml
		XmlConfigurations\print276_Type2.xml = XmlConfigurations\print276_Type2.xml
		XmlConfigurations\print276_Type3.xml = XmlConfigurations\print276_Type3.xml
		XmlConfigurations\print276_Type4.xml = XmlConfigurations\print276_Type4.xml
		XmlConfigurations\print276_Type5.xml = XmlConfigurations\print276_Type5.xml
		XmlConfigurations\print300_Type1_RazX.xml = XmlConfigurations\print300_Type1_RazX.xml
		XmlConfigurations\print300_Type2_RazX.xml = XmlConfigurations\print300_Type2_RazX.xml
		XmlConfigurations\print300_Type3_RazX.xml = XmlConfigurations\print300_Type3_RazX.xml
		XmlConfigurations\print32_Type1.xml = XmlConfigurations\print32_Type1.xml
		XmlConfigurations\print348_Type1_RazX.xml = XmlConfigurations\print348_Type1_RazX.xml
		XmlConfigurations\print348_Type2_RazX.xml = XmlConfigurations\print348_Type2_RazX.xml
		XmlConfigurations\print372_Type1_Raz.xml = XmlConfigurations\print372_Type1_Raz.xml
		XmlConfigurations\print372_Type2_Raz.xml = XmlConfigurations\print372_Type2_Raz.xml
		XmlConfigurations\print372_Type3_Raz.xml = XmlConfigurations\print372_Type3_Raz.xml
		XmlConfigurations\print380.xml = XmlConfigurations\print380.xml
		XmlConfigurations\print380_Type1_Raz.xml = XmlConfigurations\print380_Type1_Raz.xml
		XmlConfigurations\print380_Type2_RazX.xml = XmlConfigurations\print380_Type2_RazX.xml
		XmlConfigurations\print380_Type3_RazX.xml = XmlConfigurations\print380_Type3_RazX.xml
		XmlConfigurations\print380_Type4_RazX.xml = XmlConfigurations\print380_Type4_RazX.xml
		XmlConfigurations\print40.xml = XmlConfigurations\print40.xml
		XmlConfigurations\print40_Type1_Raz.xml = XmlConfigurations\print40_Type1_Raz.xml
		XmlConfigurations\print504_Type1.xml = XmlConfigurations\print504_Type1.xml
		XmlConfigurations\print528_Type1_Raz.xml = XmlConfigurations\print528_Type1_Raz.xml
		XmlConfigurations\print528_Type2_RazX.xml = XmlConfigurations\print528_Type2_RazX.xml
		XmlConfigurations\print56_Type1.xml = XmlConfigurations\print56_Type1.xml
		XmlConfigurations\print56_Type1.xml.bak = XmlConfigurations\print56_Type1.xml.bak
		XmlConfigurations\print620_ds_Raz.xml = XmlConfigurations\print620_ds_Raz.xml
		XmlConfigurations\print620_RazX.xml = XmlConfigurations\print620_RazX.xml
		XmlConfigurations\print724_ss_Raz.xml = XmlConfigurations\print724_ss_Raz.xml
		XmlConfigurations\print724_ss_RazX.xml = XmlConfigurations\print724_ss_RazX.xml
		XmlConfigurations\print756_Type1.xml = XmlConfigurations\print756_Type1.xml
		XmlConfigurations\print826.xml = XmlConfigurations\print826.xml
		XmlConfigurations\print858_Type1.xml = XmlConfigurations\print858_Type1.xml
		XmlConfigurations\print901_RazX.xml = XmlConfigurations\print901_RazX.xml
		XmlConfigurations\print901_ss_Raz.xml = XmlConfigurations\print901_ss_Raz.xml
		XmlConfigurations\print901_Type3_RazX.xml = XmlConfigurations\print901_Type3_RazX.xml
		XmlConfigurations\print905_Type1_Raz.xml = XmlConfigurations\print905_Type1_Raz.xml
		XmlConfigurations\printUnits.xml = XmlConfigurations\printUnits.xml
	EndProjectSection
EndProject
Project("{FAE04EC0-301F-11D3-BF4B-00C04F79EFBC}") = "VPrintTest", "VPrintTest\VPrintTest.csproj", "{5DE237C9-6FD9-4A11-A8DD-2F0E948CF241}"
EndProject
Project("{FAE04EC0-301F-11D3-BF4B-00C04F79EFBC}") = "ReceivingServiceLib", "ReceivingServiceLib\ReceivingServiceLib.csproj", "{966666A1-F146-4BDE-B30A-E743E660BFC3}"
EndProject
Project("{FAE04EC0-301F-11D3-BF4B-00C04F79EFBC}") = "ReceivingService", "ReceivingService\ReceivingService.csproj", "{C21CE0A8-24CB-4F17-8483-8DB96E7F2D63}"
EndProject
Project("{FAE04EC0-301F-11D3-BF4B-00C04F79EFBC}") = "ReceivingServiceLib.Common", "ReceivingServiceLib.Common\ReceivingServiceLib.Common.csproj", "{5866870C-D0F8-4C42-90A4-6F33BB99B447}"
EndProject
Project("{FAE04EC0-301F-11D3-BF4B-00C04F79EFBC}") = "CPrint2", "CPrint2\CPrint2.csproj", "{D9908E3D-AF46-4C38-92CA-9A52BBDCC6BA}"
EndProject
Project("{FAE04EC0-301F-11D3-BF4B-00C04F79EFBC}") = "CPrintTest", "CPrintTest\CPrintTest.csproj", "{7820CF98-A7A2-45FE-9BE0-EBF113D663AD}"
EndProject
Project("{FAE04EC0-301F-11D3-BF4B-00C04F79EFBC}") = "BizTalkFiles", "BizTalkFiles\BizTalkFiles.csproj", "{6AF3F3BB-0F33-49DE-8953-E2A93DECEA02}"
EndProject
Project("{FAE04EC0-301F-11D3-BF4B-00C04F79EFBC}") = "BizTalkFilesTest", "BizTalkFilesTest\BizTalkFilesTest.csproj", "{64734D4E-0E00-4C69-BB73-9374988F4AB0}"
EndProject
Project("{2150E333-8FDC-42A3-9474-1A3956D46DE8}") = "BizTalkFiles_files", "BizTalkFiles_files", "{D56D15EB-0A9F-48F0-8F15-EE8713A362D6}"
EndProject
Project("{2150E333-8FDC-42A3-9474-1A3956D46DE8}") = "CPrint2_files", "CPrint2_files", "{80F5C2C7-88FF-44E5-9CE2-6F0254794327}"
EndProject
Project("{2150E333-8FDC-42A3-9474-1A3956D46DE8}") = "VPrint_files", "VPrint_files", "{09ADE337-39A2-4594-9E6E-29C6E7AAFFFE}"
EndProject
Project("{2150E333-8FDC-42A3-9474-1A3956D46DE8}") = "ReceivingService_files", "ReceivingService_files", "{34B85420-53EC-429A-83BE-CF6F950FF00B}"
EndProject
Project("{FAE04EC0-301F-11D3-BF4B-00C04F79EFBC}") = "CSharpFilters", "ColorFilters\CSharpFilters\CSharpFilters.csproj", "{ECADAA7E-AB37-45BA-AEDF-CFAEE4669297}"
EndProject
Project("{2150E333-8FDC-42A3-9474-1A3956D46DE8}") = "SAMPLES", "SAMPLES", "{8C986C8C-B8E5-416C-B9CD-AD1BF94A7D7C}"
EndProject
Global
	GlobalSection(SolutionConfigurationPlatforms) = preSolution
		Debug|Any CPU = Debug|Any CPU
		Debug|Mixed Platforms = Debug|Mixed Platforms
		Debug|x64 = Debug|x64
		Debug|x86 = Debug|x86
		Release|Any CPU = Release|Any CPU
		Release|Mixed Platforms = Release|Mixed Platforms
		Release|x64 = Release|x64
		Release|x86 = Release|x86
		TEST|Any CPU = TEST|Any CPU
		TEST|Mixed Platforms = TEST|Mixed Platforms
		TEST|x64 = TEST|x64
		TEST|x86 = TEST|x86
	EndGlobalSection
	GlobalSection(ProjectConfigurationPlatforms) = postSolution
		{7BBFF6A1-4EB9-40F3-AA85-0C81CAE1AD5E}.Debug|Any CPU.ActiveCfg = Debug|Any CPU
		{7BBFF6A1-4EB9-40F3-AA85-0C81CAE1AD5E}.Debug|Any CPU.Build.0 = Debug|Any CPU
		{7BBFF6A1-4EB9-40F3-AA85-0C81CAE1AD5E}.Debug|Mixed Platforms.ActiveCfg = Debug|Any CPU
		{7BBFF6A1-4EB9-40F3-AA85-0C81CAE1AD5E}.Debug|Mixed Platforms.Build.0 = Debug|Any CPU
		{7BBFF6A1-4EB9-40F3-AA85-0C81CAE1AD5E}.Debug|x64.ActiveCfg = Debug|Any CPU
		{7BBFF6A1-4EB9-40F3-AA85-0C81CAE1AD5E}.Debug|x86.ActiveCfg = Debug|Any CPU
		{7BBFF6A1-4EB9-40F3-AA85-0C81CAE1AD5E}.Release|Any CPU.ActiveCfg = Release|Any CPU
		{7BBFF6A1-4EB9-40F3-AA85-0C81CAE1AD5E}.Release|Any CPU.Build.0 = Release|Any CPU
		{7BBFF6A1-4EB9-40F3-AA85-0C81CAE1AD5E}.Release|Mixed Platforms.ActiveCfg = Release|Any CPU
		{7BBFF6A1-4EB9-40F3-AA85-0C81CAE1AD5E}.Release|Mixed Platforms.Build.0 = Release|Any CPU
		{7BBFF6A1-4EB9-40F3-AA85-0C81CAE1AD5E}.Release|x64.ActiveCfg = Release|Any CPU
		{7BBFF6A1-4EB9-40F3-AA85-0C81CAE1AD5E}.Release|x86.ActiveCfg = Release|Any CPU
		{7BBFF6A1-4EB9-40F3-AA85-0C81CAE1AD5E}.TEST|Any CPU.ActiveCfg = Release|Any CPU
		{7BBFF6A1-4EB9-40F3-AA85-0C81CAE1AD5E}.TEST|Any CPU.Build.0 = Release|Any CPU
		{7BBFF6A1-4EB9-40F3-AA85-0C81CAE1AD5E}.TEST|Mixed Platforms.ActiveCfg = Release|Any CPU
		{7BBFF6A1-4EB9-40F3-AA85-0C81CAE1AD5E}.TEST|Mixed Platforms.Build.0 = Release|Any CPU
		{7BBFF6A1-4EB9-40F3-AA85-0C81CAE1AD5E}.TEST|x64.ActiveCfg = Release|Any CPU
		{7BBFF6A1-4EB9-40F3-AA85-0C81CAE1AD5E}.TEST|x86.ActiveCfg = Release|Any CPU
		{299F65C9-2BDF-42B2-BA4B-CA39F06328CA}.Debug|Any CPU.ActiveCfg = Debug|Any CPU
		{299F65C9-2BDF-42B2-BA4B-CA39F06328CA}.Debug|Any CPU.Build.0 = Debug|Any CPU
		{299F65C9-2BDF-42B2-BA4B-CA39F06328CA}.Debug|Mixed Platforms.ActiveCfg = Debug|Any CPU
		{299F65C9-2BDF-42B2-BA4B-CA39F06328CA}.Debug|Mixed Platforms.Build.0 = Debug|Any CPU
		{299F65C9-2BDF-42B2-BA4B-CA39F06328CA}.Debug|x64.ActiveCfg = Debug|Any CPU
		{299F65C9-2BDF-42B2-BA4B-CA39F06328CA}.Debug|x86.ActiveCfg = Debug|Any CPU
		{299F65C9-2BDF-42B2-BA4B-CA39F06328CA}.Release|Any CPU.ActiveCfg = Release|Any CPU
		{299F65C9-2BDF-42B2-BA4B-CA39F06328CA}.Release|Any CPU.Build.0 = Release|Any CPU
		{299F65C9-2BDF-42B2-BA4B-CA39F06328CA}.Release|Mixed Platforms.ActiveCfg = Release|Any CPU
		{299F65C9-2BDF-42B2-BA4B-CA39F06328CA}.Release|Mixed Platforms.Build.0 = Release|Any CPU
		{299F65C9-2BDF-42B2-BA4B-CA39F06328CA}.Release|x64.ActiveCfg = Release|Any CPU
		{299F65C9-2BDF-42B2-BA4B-CA39F06328CA}.Release|x86.ActiveCfg = Release|Any CPU
		{299F65C9-2BDF-42B2-BA4B-CA39F06328CA}.TEST|Any CPU.ActiveCfg = Release|Any CPU
		{299F65C9-2BDF-42B2-BA4B-CA39F06328CA}.TEST|Any CPU.Build.0 = Release|Any CPU
		{299F65C9-2BDF-42B2-BA4B-CA39F06328CA}.TEST|Mixed Platforms.ActiveCfg = Release|Any CPU
		{299F65C9-2BDF-42B2-BA4B-CA39F06328CA}.TEST|Mixed Platforms.Build.0 = Release|Any CPU
		{299F65C9-2BDF-42B2-BA4B-CA39F06328CA}.TEST|x64.ActiveCfg = Release|Any CPU
		{299F65C9-2BDF-42B2-BA4B-CA39F06328CA}.TEST|x86.ActiveCfg = Release|Any CPU
		{CA89200F-243A-487C-ACF8-03F538A6C413}.Debug|Any CPU.ActiveCfg = Debug|Any CPU
		{CA89200F-243A-487C-ACF8-03F538A6C413}.Debug|Any CPU.Build.0 = Debug|Any CPU
		{CA89200F-243A-487C-ACF8-03F538A6C413}.Debug|Mixed Platforms.ActiveCfg = Debug|x86
		{CA89200F-243A-487C-ACF8-03F538A6C413}.Debug|Mixed Platforms.Build.0 = Debug|x86
		{CA89200F-243A-487C-ACF8-03F538A6C413}.Debug|x64.ActiveCfg = Debug|x64
		{CA89200F-243A-487C-ACF8-03F538A6C413}.Debug|x64.Build.0 = Debug|x64
		{CA89200F-243A-487C-ACF8-03F538A6C413}.Debug|x86.ActiveCfg = Debug|x86
		{CA89200F-243A-487C-ACF8-03F538A6C413}.Debug|x86.Build.0 = Debug|x86
		{CA89200F-243A-487C-ACF8-03F538A6C413}.Release|Any CPU.ActiveCfg = Release|Any CPU
		{CA89200F-243A-487C-ACF8-03F538A6C413}.Release|Any CPU.Build.0 = Release|Any CPU
		{CA89200F-243A-487C-ACF8-03F538A6C413}.Release|Mixed Platforms.ActiveCfg = Release|x86
		{CA89200F-243A-487C-ACF8-03F538A6C413}.Release|Mixed Platforms.Build.0 = Release|x86
		{CA89200F-243A-487C-ACF8-03F538A6C413}.Release|x64.ActiveCfg = Release|x64
		{CA89200F-243A-487C-ACF8-03F538A6C413}.Release|x64.Build.0 = Release|x64
		{CA89200F-243A-487C-ACF8-03F538A6C413}.Release|x86.ActiveCfg = Release|x86
		{CA89200F-243A-487C-ACF8-03F538A6C413}.Release|x86.Build.0 = Release|x86
		{CA89200F-243A-487C-ACF8-03F538A6C413}.TEST|Any CPU.ActiveCfg = TEST|Any CPU
		{CA89200F-243A-487C-ACF8-03F538A6C413}.TEST|Any CPU.Build.0 = TEST|Any CPU
		{CA89200F-243A-487C-ACF8-03F538A6C413}.TEST|Mixed Platforms.ActiveCfg = TEST|x86
		{CA89200F-243A-487C-ACF8-03F538A6C413}.TEST|Mixed Platforms.Build.0 = TEST|x86
		{CA89200F-243A-487C-ACF8-03F538A6C413}.TEST|x64.ActiveCfg = TEST|x64
		{CA89200F-243A-487C-ACF8-03F538A6C413}.TEST|x64.Build.0 = TEST|x64
		{CA89200F-243A-487C-ACF8-03F538A6C413}.TEST|x86.ActiveCfg = TEST|x86
		{CA89200F-243A-487C-ACF8-03F538A6C413}.TEST|x86.Build.0 = TEST|x86
		{5DE237C9-6FD9-4A11-A8DD-2F0E948CF241}.Debug|Any CPU.ActiveCfg = Debug|Any CPU
		{5DE237C9-6FD9-4A11-A8DD-2F0E948CF241}.Debug|Any CPU.Build.0 = Debug|Any CPU
		{5DE237C9-6FD9-4A11-A8DD-2F0E948CF241}.Debug|Mixed Platforms.ActiveCfg = Debug|x86
		{5DE237C9-6FD9-4A11-A8DD-2F0E948CF241}.Debug|Mixed Platforms.Build.0 = Debug|x86
		{5DE237C9-6FD9-4A11-A8DD-2F0E948CF241}.Debug|x64.ActiveCfg = Debug|x86
		{5DE237C9-6FD9-4A11-A8DD-2F0E948CF241}.Debug|x86.ActiveCfg = Debug|x86
		{5DE237C9-6FD9-4A11-A8DD-2F0E948CF241}.Debug|x86.Build.0 = Debug|x86
		{5DE237C9-6FD9-4A11-A8DD-2F0E948CF241}.Release|Any CPU.ActiveCfg = Release|Any CPU
		{5DE237C9-6FD9-4A11-A8DD-2F0E948CF241}.Release|Any CPU.Build.0 = Release|Any CPU
		{5DE237C9-6FD9-4A11-A8DD-2F0E948CF241}.Release|Mixed Platforms.ActiveCfg = Release|x86
		{5DE237C9-6FD9-4A11-A8DD-2F0E948CF241}.Release|Mixed Platforms.Build.0 = Release|x86
		{5DE237C9-6FD9-4A11-A8DD-2F0E948CF241}.Release|x64.ActiveCfg = Release|x86
		{5DE237C9-6FD9-4A11-A8DD-2F0E948CF241}.Release|x86.ActiveCfg = Release|x86
		{5DE237C9-6FD9-4A11-A8DD-2F0E948CF241}.Release|x86.Build.0 = Release|x86
		{5DE237C9-6FD9-4A11-A8DD-2F0E948CF241}.TEST|Any CPU.ActiveCfg = TEST|Any CPU
		{5DE237C9-6FD9-4A11-A8DD-2F0E948CF241}.TEST|Any CPU.Build.0 = TEST|Any CPU
		{5DE237C9-6FD9-4A11-A8DD-2F0E948CF241}.TEST|Mixed Platforms.ActiveCfg = TEST|x86
		{5DE237C9-6FD9-4A11-A8DD-2F0E948CF241}.TEST|Mixed Platforms.Build.0 = TEST|x86
		{5DE237C9-6FD9-4A11-A8DD-2F0E948CF241}.TEST|x64.ActiveCfg = TEST|x86
		{5DE237C9-6FD9-4A11-A8DD-2F0E948CF241}.TEST|x86.ActiveCfg = TEST|x86
		{5DE237C9-6FD9-4A11-A8DD-2F0E948CF241}.TEST|x86.Build.0 = TEST|x86
		{966666A1-F146-4BDE-B30A-E743E660BFC3}.Debug|Any CPU.ActiveCfg = Debug|Any CPU
		{966666A1-F146-4BDE-B30A-E743E660BFC3}.Debug|Any CPU.Build.0 = Debug|Any CPU
		{966666A1-F146-4BDE-B30A-E743E660BFC3}.Debug|Mixed Platforms.ActiveCfg = Debug|Any CPU
		{966666A1-F146-4BDE-B30A-E743E660BFC3}.Debug|Mixed Platforms.Build.0 = Debug|Any CPU
		{966666A1-F146-4BDE-B30A-E743E660BFC3}.Debug|x64.ActiveCfg = Debug|Any CPU
		{966666A1-F146-4BDE-B30A-E743E660BFC3}.Debug|x86.ActiveCfg = Debug|Any CPU
		{966666A1-F146-4BDE-B30A-E743E660BFC3}.Release|Any CPU.ActiveCfg = Release|Any CPU
		{966666A1-F146-4BDE-B30A-E743E660BFC3}.Release|Any CPU.Build.0 = Release|Any CPU
		{966666A1-F146-4BDE-B30A-E743E660BFC3}.Release|Mixed Platforms.ActiveCfg = Release|Any CPU
		{966666A1-F146-4BDE-B30A-E743E660BFC3}.Release|Mixed Platforms.Build.0 = Release|Any CPU
		{966666A1-F146-4BDE-B30A-E743E660BFC3}.Release|x64.ActiveCfg = Release|Any CPU
		{966666A1-F146-4BDE-B30A-E743E660BFC3}.Release|x86.ActiveCfg = Release|Any CPU
		{966666A1-F146-4BDE-B30A-E743E660BFC3}.TEST|Any CPU.ActiveCfg = Release|Any CPU
		{966666A1-F146-4BDE-B30A-E743E660BFC3}.TEST|Any CPU.Build.0 = Release|Any CPU
		{966666A1-F146-4BDE-B30A-E743E660BFC3}.TEST|Mixed Platforms.ActiveCfg = Release|Any CPU
		{966666A1-F146-4BDE-B30A-E743E660BFC3}.TEST|Mixed Platforms.Build.0 = Release|Any CPU
		{966666A1-F146-4BDE-B30A-E743E660BFC3}.TEST|x64.ActiveCfg = Release|Any CPU
		{966666A1-F146-4BDE-B30A-E743E660BFC3}.TEST|x86.ActiveCfg = Release|Any CPU
		{C21CE0A8-24CB-4F17-8483-8DB96E7F2D63}.Debug|Any CPU.ActiveCfg = Debug|Any CPU
		{C21CE0A8-24CB-4F17-8483-8DB96E7F2D63}.Debug|Any CPU.Build.0 = Debug|Any CPU
		{C21CE0A8-24CB-4F17-8483-8DB96E7F2D63}.Debug|Mixed Platforms.ActiveCfg = Debug|Any CPU
		{C21CE0A8-24CB-4F17-8483-8DB96E7F2D63}.Debug|Mixed Platforms.Build.0 = Debug|Any CPU
		{C21CE0A8-24CB-4F17-8483-8DB96E7F2D63}.Debug|x64.ActiveCfg = Debug|x86
		{C21CE0A8-24CB-4F17-8483-8DB96E7F2D63}.Debug|x86.ActiveCfg = Debug|x86
		{C21CE0A8-24CB-4F17-8483-8DB96E7F2D63}.Debug|x86.Build.0 = Debug|x86
		{C21CE0A8-24CB-4F17-8483-8DB96E7F2D63}.Release|Any CPU.ActiveCfg = Release|Any CPU
		{C21CE0A8-24CB-4F17-8483-8DB96E7F2D63}.Release|Any CPU.Build.0 = Release|Any CPU
		{C21CE0A8-24CB-4F17-8483-8DB96E7F2D63}.Release|Mixed Platforms.ActiveCfg = Release|Any CPU
		{C21CE0A8-24CB-4F17-8483-8DB96E7F2D63}.Release|Mixed Platforms.Build.0 = Release|Any CPU
		{C21CE0A8-24CB-4F17-8483-8DB96E7F2D63}.Release|x64.ActiveCfg = Release|x86
		{C21CE0A8-24CB-4F17-8483-8DB96E7F2D63}.Release|x86.ActiveCfg = Release|x86
		{C21CE0A8-24CB-4F17-8483-8DB96E7F2D63}.Release|x86.Build.0 = Release|x86
		{C21CE0A8-24CB-4F17-8483-8DB96E7F2D63}.TEST|Any CPU.ActiveCfg = Release|Any CPU
		{C21CE0A8-24CB-4F17-8483-8DB96E7F2D63}.TEST|Any CPU.Build.0 = Release|Any CPU
		{C21CE0A8-24CB-4F17-8483-8DB96E7F2D63}.TEST|Mixed Platforms.ActiveCfg = Release|Any CPU
		{C21CE0A8-24CB-4F17-8483-8DB96E7F2D63}.TEST|Mixed Platforms.Build.0 = Release|Any CPU
		{C21CE0A8-24CB-4F17-8483-8DB96E7F2D63}.TEST|x64.ActiveCfg = Release|Any CPU
		{C21CE0A8-24CB-4F17-8483-8DB96E7F2D63}.TEST|x86.ActiveCfg = Release|Any CPU
		{5866870C-D0F8-4C42-90A4-6F33BB99B447}.Debug|Any CPU.ActiveCfg = Debug|Any CPU
		{5866870C-D0F8-4C42-90A4-6F33BB99B447}.Debug|Any CPU.Build.0 = Debug|Any CPU
		{5866870C-D0F8-4C42-90A4-6F33BB99B447}.Debug|Mixed Platforms.ActiveCfg = Debug|Any CPU
		{5866870C-D0F8-4C42-90A4-6F33BB99B447}.Debug|Mixed Platforms.Build.0 = Debug|Any CPU
		{5866870C-D0F8-4C42-90A4-6F33BB99B447}.Debug|x64.ActiveCfg = Debug|Any CPU
		{5866870C-D0F8-4C42-90A4-6F33BB99B447}.Debug|x86.ActiveCfg = Debug|Any CPU
		{5866870C-D0F8-4C42-90A4-6F33BB99B447}.Release|Any CPU.ActiveCfg = Release|Any CPU
		{5866870C-D0F8-4C42-90A4-6F33BB99B447}.Release|Any CPU.Build.0 = Release|Any CPU
		{5866870C-D0F8-4C42-90A4-6F33BB99B447}.Release|Mixed Platforms.ActiveCfg = Release|Any CPU
		{5866870C-D0F8-4C42-90A4-6F33BB99B447}.Release|Mixed Platforms.Build.0 = Release|Any CPU
		{5866870C-D0F8-4C42-90A4-6F33BB99B447}.Release|x64.ActiveCfg = Release|Any CPU
		{5866870C-D0F8-4C42-90A4-6F33BB99B447}.Release|x86.ActiveCfg = Release|Any CPU
		{5866870C-D0F8-4C42-90A4-6F33BB99B447}.TEST|Any CPU.ActiveCfg = Release|Any CPU
		{5866870C-D0F8-4C42-90A4-6F33BB99B447}.TEST|Any CPU.Build.0 = Release|Any CPU
		{5866870C-D0F8-4C42-90A4-6F33BB99B447}.TEST|Mixed Platforms.ActiveCfg = Release|Any CPU
		{5866870C-D0F8-4C42-90A4-6F33BB99B447}.TEST|Mixed Platforms.Build.0 = Release|Any CPU
		{5866870C-D0F8-4C42-90A4-6F33BB99B447}.TEST|x64.ActiveCfg = Release|Any CPU
		{5866870C-D0F8-4C42-90A4-6F33BB99B447}.TEST|x86.ActiveCfg = Release|Any CPU
		{D9908E3D-AF46-4C38-92CA-9A52BBDCC6BA}.Debug|Any CPU.ActiveCfg = Debug|x86
		{D9908E3D-AF46-4C38-92CA-9A52BBDCC6BA}.Debug|Mixed Platforms.ActiveCfg = Debug|x86
		{D9908E3D-AF46-4C38-92CA-9A52BBDCC6BA}.Debug|Mixed Platforms.Build.0 = Debug|x86
		{D9908E3D-AF46-4C38-92CA-9A52BBDCC6BA}.Debug|x64.ActiveCfg = Debug|x86
		{D9908E3D-AF46-4C38-92CA-9A52BBDCC6BA}.Debug|x86.ActiveCfg = Debug|x86
		{D9908E3D-AF46-4C38-92CA-9A52BBDCC6BA}.Debug|x86.Build.0 = Debug|x86
		{D9908E3D-AF46-4C38-92CA-9A52BBDCC6BA}.Release|Any CPU.ActiveCfg = Release|x86
		{D9908E3D-AF46-4C38-92CA-9A52BBDCC6BA}.Release|Mixed Platforms.ActiveCfg = Release|x86
		{D9908E3D-AF46-4C38-92CA-9A52BBDCC6BA}.Release|Mixed Platforms.Build.0 = Release|x86
		{D9908E3D-AF46-4C38-92CA-9A52BBDCC6BA}.Release|x64.ActiveCfg = Release|x86
		{D9908E3D-AF46-4C38-92CA-9A52BBDCC6BA}.Release|x86.ActiveCfg = Release|x86
		{D9908E3D-AF46-4C38-92CA-9A52BBDCC6BA}.Release|x86.Build.0 = Release|x86
		{D9908E3D-AF46-4C38-92CA-9A52BBDCC6BA}.TEST|Any CPU.ActiveCfg = Release|x86
		{D9908E3D-AF46-4C38-92CA-9A52BBDCC6BA}.TEST|Mixed Platforms.ActiveCfg = Release|x86
		{D9908E3D-AF46-4C38-92CA-9A52BBDCC6BA}.TEST|Mixed Platforms.Build.0 = Release|x86
		{D9908E3D-AF46-4C38-92CA-9A52BBDCC6BA}.TEST|x64.ActiveCfg = Release|x86
		{D9908E3D-AF46-4C38-92CA-9A52BBDCC6BA}.TEST|x86.ActiveCfg = Release|x86
		{D9908E3D-AF46-4C38-92CA-9A52BBDCC6BA}.TEST|x86.Build.0 = Release|x86
		{7820CF98-A7A2-45FE-9BE0-EBF113D663AD}.Debug|Any CPU.ActiveCfg = Debug|Any CPU
		{7820CF98-A7A2-45FE-9BE0-EBF113D663AD}.Debug|Any CPU.Build.0 = Debug|Any CPU
		{7820CF98-A7A2-45FE-9BE0-EBF113D663AD}.Debug|Mixed Platforms.ActiveCfg = Debug|Any CPU
		{7820CF98-A7A2-45FE-9BE0-EBF113D663AD}.Debug|Mixed Platforms.Build.0 = Debug|Any CPU
		{7820CF98-A7A2-45FE-9BE0-EBF113D663AD}.Debug|x64.ActiveCfg = Debug|Any CPU
		{7820CF98-A7A2-45FE-9BE0-EBF113D663AD}.Debug|x86.ActiveCfg = Debug|Any CPU
		{7820CF98-A7A2-45FE-9BE0-EBF113D663AD}.Release|Any CPU.ActiveCfg = Release|Any CPU
		{7820CF98-A7A2-45FE-9BE0-EBF113D663AD}.Release|Any CPU.Build.0 = Release|Any CPU
		{7820CF98-A7A2-45FE-9BE0-EBF113D663AD}.Release|Mixed Platforms.ActiveCfg = Release|Any CPU
		{7820CF98-A7A2-45FE-9BE0-EBF113D663AD}.Release|Mixed Platforms.Build.0 = Release|Any CPU
		{7820CF98-A7A2-45FE-9BE0-EBF113D663AD}.Release|x64.ActiveCfg = Release|Any CPU
		{7820CF98-A7A2-45FE-9BE0-EBF113D663AD}.Release|x86.ActiveCfg = Release|Any CPU
		{7820CF98-A7A2-45FE-9BE0-EBF113D663AD}.TEST|Any CPU.ActiveCfg = Release|Any CPU
		{7820CF98-A7A2-45FE-9BE0-EBF113D663AD}.TEST|Any CPU.Build.0 = Release|Any CPU
		{7820CF98-A7A2-45FE-9BE0-EBF113D663AD}.TEST|Mixed Platforms.ActiveCfg = Release|Any CPU
		{7820CF98-A7A2-45FE-9BE0-EBF113D663AD}.TEST|Mixed Platforms.Build.0 = Release|Any CPU
		{7820CF98-A7A2-45FE-9BE0-EBF113D663AD}.TEST|x64.ActiveCfg = Release|Any CPU
		{7820CF98-A7A2-45FE-9BE0-EBF113D663AD}.TEST|x86.ActiveCfg = Release|Any CPU
		{6AF3F3BB-0F33-49DE-8953-E2A93DECEA02}.Debug|Any CPU.ActiveCfg = Debug|x86
		{6AF3F3BB-0F33-49DE-8953-E2A93DECEA02}.Debug|Mixed Platforms.ActiveCfg = Debug|x86
		{6AF3F3BB-0F33-49DE-8953-E2A93DECEA02}.Debug|Mixed Platforms.Build.0 = Debug|x86
		{6AF3F3BB-0F33-49DE-8953-E2A93DECEA02}.Debug|x64.ActiveCfg = Debug|x86
		{6AF3F3BB-0F33-49DE-8953-E2A93DECEA02}.Debug|x86.ActiveCfg = Debug|x86
		{6AF3F3BB-0F33-49DE-8953-E2A93DECEA02}.Debug|x86.Build.0 = Debug|x86
		{6AF3F3BB-0F33-49DE-8953-E2A93DECEA02}.Release|Any CPU.ActiveCfg = Release|x86
		{6AF3F3BB-0F33-49DE-8953-E2A93DECEA02}.Release|Mixed Platforms.ActiveCfg = Release|x86
		{6AF3F3BB-0F33-49DE-8953-E2A93DECEA02}.Release|Mixed Platforms.Build.0 = Release|x86
		{6AF3F3BB-0F33-49DE-8953-E2A93DECEA02}.Release|x64.ActiveCfg = Release|x86
		{6AF3F3BB-0F33-49DE-8953-E2A93DECEA02}.Release|x86.ActiveCfg = Release|x86
		{6AF3F3BB-0F33-49DE-8953-E2A93DECEA02}.Release|x86.Build.0 = Release|x86
		{6AF3F3BB-0F33-49DE-8953-E2A93DECEA02}.TEST|Any CPU.ActiveCfg = Release|x86
		{6AF3F3BB-0F33-49DE-8953-E2A93DECEA02}.TEST|Mixed Platforms.ActiveCfg = Release|x86
		{6AF3F3BB-0F33-49DE-8953-E2A93DECEA02}.TEST|Mixed Platforms.Build.0 = Release|x86
		{6AF3F3BB-0F33-49DE-8953-E2A93DECEA02}.TEST|x64.ActiveCfg = Release|x86
		{6AF3F3BB-0F33-49DE-8953-E2A93DECEA02}.TEST|x86.ActiveCfg = Release|x86
		{6AF3F3BB-0F33-49DE-8953-E2A93DECEA02}.TEST|x86.Build.0 = Release|x86
		{64734D4E-0E00-4C69-BB73-9374988F4AB0}.Debug|Any CPU.ActiveCfg = Debug|Any CPU
		{64734D4E-0E00-4C69-BB73-9374988F4AB0}.Debug|Any CPU.Build.0 = Debug|Any CPU
		{64734D4E-0E00-4C69-BB73-9374988F4AB0}.Debug|Mixed Platforms.ActiveCfg = Debug|Any CPU
		{64734D4E-0E00-4C69-BB73-9374988F4AB0}.Debug|Mixed Platforms.Build.0 = Debug|Any CPU
		{64734D4E-0E00-4C69-BB73-9374988F4AB0}.Debug|x64.ActiveCfg = Debug|Any CPU
		{64734D4E-0E00-4C69-BB73-9374988F4AB0}.Debug|x86.ActiveCfg = Debug|Any CPU
		{64734D4E-0E00-4C69-BB73-9374988F4AB0}.Release|Any CPU.ActiveCfg = Release|Any CPU
		{64734D4E-0E00-4C69-BB73-9374988F4AB0}.Release|Any CPU.Build.0 = Release|Any CPU
		{64734D4E-0E00-4C69-BB73-9374988F4AB0}.Release|Mixed Platforms.ActiveCfg = Release|Any CPU
		{64734D4E-0E00-4C69-BB73-9374988F4AB0}.Release|Mixed Platforms.Build.0 = Release|Any CPU
		{64734D4E-0E00-4C69-BB73-9374988F4AB0}.Release|x64.ActiveCfg = Release|Any CPU
		{64734D4E-0E00-4C69-BB73-9374988F4AB0}.Release|x86.ActiveCfg = Release|Any CPU
		{64734D4E-0E00-4C69-BB73-9374988F4AB0}.TEST|Any CPU.ActiveCfg = Release|Any CPU
		{64734D4E-0E00-4C69-BB73-9374988F4AB0}.TEST|Any CPU.Build.0 = Release|Any CPU
		{64734D4E-0E00-4C69-BB73-9374988F4AB0}.TEST|Mixed Platforms.ActiveCfg = Release|Any CPU
		{64734D4E-0E00-4C69-BB73-9374988F4AB0}.TEST|Mixed Platforms.Build.0 = Release|Any CPU
		{64734D4E-0E00-4C69-BB73-9374988F4AB0}.TEST|x64.ActiveCfg = Release|Any CPU
		{64734D4E-0E00-4C69-BB73-9374988F4AB0}.TEST|x86.ActiveCfg = Release|Any CPU
		{ECADAA7E-AB37-45BA-AEDF-CFAEE4669297}.Debug|Any CPU.ActiveCfg = Debug|Any CPU
		{ECADAA7E-AB37-45BA-AEDF-CFAEE4669297}.Debug|Any CPU.Build.0 = Debug|Any CPU
		{ECADAA7E-AB37-45BA-AEDF-CFAEE4669297}.Debug|Mixed Platforms.ActiveCfg = Debug|Any CPU
		{ECADAA7E-AB37-45BA-AEDF-CFAEE4669297}.Debug|Mixed Platforms.Build.0 = Debug|Any CPU
		{ECADAA7E-AB37-45BA-AEDF-CFAEE4669297}.Debug|x64.ActiveCfg = Debug|Any CPU
		{ECADAA7E-AB37-45BA-AEDF-CFAEE4669297}.Debug|x86.ActiveCfg = Debug|Any CPU
		{ECADAA7E-AB37-45BA-AEDF-CFAEE4669297}.Release|Any CPU.ActiveCfg = Release|Any CPU
		{ECADAA7E-AB37-45BA-AEDF-CFAEE4669297}.Release|Any CPU.Build.0 = Release|Any CPU
		{ECADAA7E-AB37-45BA-AEDF-CFAEE4669297}.Release|Mixed Platforms.ActiveCfg = Release|Any CPU
		{ECADAA7E-AB37-45BA-AEDF-CFAEE4669297}.Release|Mixed Platforms.Build.0 = Release|Any CPU
		{ECADAA7E-AB37-45BA-AEDF-CFAEE4669297}.Release|x64.ActiveCfg = Release|Any CPU
		{ECADAA7E-AB37-45BA-AEDF-CFAEE4669297}.Release|x86.ActiveCfg = Release|Any CPU
		{ECADAA7E-AB37-45BA-AEDF-CFAEE4669297}.TEST|Any CPU.ActiveCfg = Release|Any CPU
		{ECADAA7E-AB37-45BA-AEDF-CFAEE4669297}.TEST|Any CPU.Build.0 = Release|Any CPU
		{ECADAA7E-AB37-45BA-AEDF-CFAEE4669297}.TEST|Mixed Platforms.ActiveCfg = Release|Any CPU
		{ECADAA7E-AB37-45BA-AEDF-CFAEE4669297}.TEST|Mixed Platforms.Build.0 = Release|Any CPU
		{ECADAA7E-AB37-45BA-AEDF-CFAEE4669297}.TEST|x64.ActiveCfg = Release|Any CPU
		{ECADAA7E-AB37-45BA-AEDF-CFAEE4669297}.TEST|x86.ActiveCfg = Release|Any CPU
	EndGlobalSection
	GlobalSection(SolutionProperties) = preSolution
		HideSolutionNode = FALSE
	EndGlobalSection
	GlobalSection(NestedProjects) = preSolution
		{6AF3F3BB-0F33-49DE-8953-E2A93DECEA02} = {D56D15EB-0A9F-48F0-8F15-EE8713A362D6}
		{64734D4E-0E00-4C69-BB73-9374988F4AB0} = {D56D15EB-0A9F-48F0-8F15-EE8713A362D6}
		{D9908E3D-AF46-4C38-92CA-9A52BBDCC6BA} = {80F5C2C7-88FF-44E5-9CE2-6F0254794327}
		{7820CF98-A7A2-45FE-9BE0-EBF113D663AD} = {80F5C2C7-88FF-44E5-9CE2-6F0254794327}
		{CA89200F-243A-487C-ACF8-03F538A6C413} = {09ADE337-39A2-4594-9E6E-29C6E7AAFFFE}
		{7BBFF6A1-4EB9-40F3-AA85-0C81CAE1AD5E} = {09ADE337-39A2-4594-9E6E-29C6E7AAFFFE}
		{299F65C9-2BDF-42B2-BA4B-CA39F06328CA} = {09ADE337-39A2-4594-9E6E-29C6E7AAFFFE}
		{5DE237C9-6FD9-4A11-A8DD-2F0E948CF241} = {09ADE337-39A2-4594-9E6E-29C6E7AAFFFE}
		{D538AF15-3F7C-4ECC-8475-EF419458B3F6} = {09ADE337-39A2-4594-9E6E-29C6E7AAFFFE}
		{C21CE0A8-24CB-4F17-8483-8DB96E7F2D63} = {34B85420-53EC-429A-83BE-CF6F950FF00B}
		{5866870C-D0F8-4C42-90A4-6F33BB99B447} = {34B85420-53EC-429A-83BE-CF6F950FF00B}
		{966666A1-F146-4BDE-B30A-E743E660BFC3} = {34B85420-53EC-429A-83BE-CF6F950FF00B}
		{ECADAA7E-AB37-45BA-AEDF-CFAEE4669297} = {8C986C8C-B8E5-416C-B9CD-AD1BF94A7D7C}
	EndGlobalSection
EndGlobal
