
Microsoft Visual Studio Solution File, Format Version 11.00
# Visual Studio 2010
Project("{FAE04EC0-301F-11D3-BF4B-00C04F79EFBC}") = "AddImageAndSignPdf", "AddImageAndSignPdf.csproj", "{F39D211C-7AD5-4090-ADC8-FEBF3D836C61}"
EndProject
Project("{FAE04EC0-301F-11D3-BF4B-00C04F79EFBC}") = "itextsharp", "..\itextsharp-src-core\itextsharp.csproj", "{84C4FDD9-3ED7-453B-B9DA-B3ED52CB071C}"
EndProject
Project("{2150E333-8FDC-42A3-9474-1A3956D46DE8}") = "Images", "Images", "{308C86F6-4E68-4239-A0C7-DB575AA7CB60}"
	ProjectSection(SolutionItems) = preProject
		Images\PTFLogo.jpg = Images\PTFLogo.jpg
	EndProjectSection
EndProject
Project("{2150E333-8FDC-42A3-9474-1A3956D46DE8}") = "Others", "Others", "{AE4CE335-2F0A-4C4F-9482-E46D9E375670}"
	ProjectSection(SolutionItems) = preProject
		Others\NewFile.JPG = Others\NewFile.JPG
		Others\PTF.cer = Others\PTF.cer
		Others\PTF.pfx = Others\PTF.pfx
		Others\PTF.pvk = Others\PTF.pvk
	EndProjectSection
EndProject
Global
	GlobalSection(SolutionConfigurationPlatforms) = preSolution
		Debug_woDrawing|Any CPU = Debug_woDrawing|Any CPU
		Debug_woDrawing|Mixed Platforms = Debug_woDrawing|Mixed Platforms
		Debug_woDrawing|x86 = Debug_woDrawing|x86
		Debug|Any CPU = Debug|Any CPU
		Debug|Mixed Platforms = Debug|Mixed Platforms
		Debug|x86 = Debug|x86
		Release_woDrawing|Any CPU = Release_woDrawing|Any CPU
		Release_woDrawing|Mixed Platforms = Release_woDrawing|Mixed Platforms
		Release_woDrawing|x86 = Release_woDrawing|x86
		Release|Any CPU = Release|Any CPU
		Release|Mixed Platforms = Release|Mixed Platforms
		Release|x86 = Release|x86
	EndGlobalSection
	GlobalSection(ProjectConfigurationPlatforms) = postSolution
		{F39D211C-7AD5-4090-ADC8-FEBF3D836C61}.Debug_woDrawing|Any CPU.ActiveCfg = Debug|x86
		{F39D211C-7AD5-4090-ADC8-FEBF3D836C61}.Debug_woDrawing|Mixed Platforms.ActiveCfg = Debug|x86
		{F39D211C-7AD5-4090-ADC8-FEBF3D836C61}.Debug_woDrawing|Mixed Platforms.Build.0 = Debug|x86
		{F39D211C-7AD5-4090-ADC8-FEBF3D836C61}.Debug_woDrawing|x86.ActiveCfg = Debug|x86
		{F39D211C-7AD5-4090-ADC8-FEBF3D836C61}.Debug_woDrawing|x86.Build.0 = Debug|x86
		{F39D211C-7AD5-4090-ADC8-FEBF3D836C61}.Debug|Any CPU.ActiveCfg = Debug|x86
		{F39D211C-7AD5-4090-ADC8-FEBF3D836C61}.Debug|Mixed Platforms.ActiveCfg = Debug|x86
		{F39D211C-7AD5-4090-ADC8-FEBF3D836C61}.Debug|Mixed Platforms.Build.0 = Debug|x86
		{F39D211C-7AD5-4090-ADC8-FEBF3D836C61}.Debug|x86.ActiveCfg = Debug|x86
		{F39D211C-7AD5-4090-ADC8-FEBF3D836C61}.Debug|x86.Build.0 = Debug|x86
		{F39D211C-7AD5-4090-ADC8-FEBF3D836C61}.Release_woDrawing|Any CPU.ActiveCfg = Release|x86
		{F39D211C-7AD5-4090-ADC8-FEBF3D836C61}.Release_woDrawing|Mixed Platforms.ActiveCfg = Release|x86
		{F39D211C-7AD5-4090-ADC8-FEBF3D836C61}.Release_woDrawing|Mixed Platforms.Build.0 = Release|x86
		{F39D211C-7AD5-4090-ADC8-FEBF3D836C61}.Release_woDrawing|x86.ActiveCfg = Release|x86
		{F39D211C-7AD5-4090-ADC8-FEBF3D836C61}.Release_woDrawing|x86.Build.0 = Release|x86
		{F39D211C-7AD5-4090-ADC8-FEBF3D836C61}.Release|Any CPU.ActiveCfg = Release|x86
		{F39D211C-7AD5-4090-ADC8-FEBF3D836C61}.Release|Mixed Platforms.ActiveCfg = Release|x86
		{F39D211C-7AD5-4090-ADC8-FEBF3D836C61}.Release|Mixed Platforms.Build.0 = Release|x86
		{F39D211C-7AD5-4090-ADC8-FEBF3D836C61}.Release|x86.ActiveCfg = Release|x86
		{F39D211C-7AD5-4090-ADC8-FEBF3D836C61}.Release|x86.Build.0 = Release|x86
		{84C4FDD9-3ED7-453B-B9DA-B3ED52CB071C}.Debug_woDrawing|Any CPU.ActiveCfg = Debug_woDrawing|Any CPU
		{84C4FDD9-3ED7-453B-B9DA-B3ED52CB071C}.Debug_woDrawing|Any CPU.Build.0 = Debug_woDrawing|Any CPU
		{84C4FDD9-3ED7-453B-B9DA-B3ED52CB071C}.Debug_woDrawing|Mixed Platforms.ActiveCfg = Debug_woDrawing|Any CPU
		{84C4FDD9-3ED7-453B-B9DA-B3ED52CB071C}.Debug_woDrawing|Mixed Platforms.Build.0 = Debug_woDrawing|Any CPU
		{84C4FDD9-3ED7-453B-B9DA-B3ED52CB071C}.Debug_woDrawing|x86.ActiveCfg = Debug_woDrawing|Any CPU
		{84C4FDD9-3ED7-453B-B9DA-B3ED52CB071C}.Debug|Any CPU.ActiveCfg = Debug|Any CPU
		{84C4FDD9-3ED7-453B-B9DA-B3ED52CB071C}.Debug|Any CPU.Build.0 = Debug|Any CPU
		{84C4FDD9-3ED7-453B-B9DA-B3ED52CB071C}.Debug|Mixed Platforms.ActiveCfg = Debug|Any CPU
		{84C4FDD9-3ED7-453B-B9DA-B3ED52CB071C}.Debug|Mixed Platforms.Build.0 = Debug|Any CPU
		{84C4FDD9-3ED7-453B-B9DA-B3ED52CB071C}.Debug|x86.ActiveCfg = Debug|Any CPU
		{84C4FDD9-3ED7-453B-B9DA-B3ED52CB071C}.Release_woDrawing|Any CPU.ActiveCfg = Release_woDrawing|Any CPU
		{84C4FDD9-3ED7-453B-B9DA-B3ED52CB071C}.Release_woDrawing|Any CPU.Build.0 = Release_woDrawing|Any CPU
		{84C4FDD9-3ED7-453B-B9DA-B3ED52CB071C}.Release_woDrawing|Mixed Platforms.ActiveCfg = Release_woDrawing|Any CPU
		{84C4FDD9-3ED7-453B-B9DA-B3ED52CB071C}.Release_woDrawing|Mixed Platforms.Build.0 = Release_woDrawing|Any CPU
		{84C4FDD9-3ED7-453B-B9DA-B3ED52CB071C}.Release_woDrawing|x86.ActiveCfg = Release_woDrawing|Any CPU
		{84C4FDD9-3ED7-453B-B9DA-B3ED52CB071C}.Release|Any CPU.ActiveCfg = Release|Any CPU
		{84C4FDD9-3ED7-453B-B9DA-B3ED52CB071C}.Release|Any CPU.Build.0 = Release|Any CPU
		{84C4FDD9-3ED7-453B-B9DA-B3ED52CB071C}.Release|Mixed Platforms.ActiveCfg = Release|Any CPU
		{84C4FDD9-3ED7-453B-B9DA-B3ED52CB071C}.Release|Mixed Platforms.Build.0 = Release|Any CPU
		{84C4FDD9-3ED7-453B-B9DA-B3ED52CB071C}.Release|x86.ActiveCfg = Release|Any CPU
	EndGlobalSection
	GlobalSection(SolutionProperties) = preSolution
		HideSolutionNode = FALSE
	EndGlobalSection
EndGlobal
