
Microsoft Visual Studio Solution File, Format Version 11.00
# Visual Studio 2010
Project("{FAE04EC0-301F-11D3-BF4B-00C04F79EFBC}") = "PTFReports", "PTFReports\PTFReports.csproj", "{CCA329AF-114B-489B-9CF0-B43D0ED430F7}"
EndProject
Project("{FAE04EC0-301F-11D3-BF4B-00C04F79EFBC}") = "PTFReportsLib", "PTFReportsLib\PTFReportsLib.csproj", "{5FADAA3F-1227-4E6C-82A0-064EBE4DC979}"
EndProject
Project("{2150E333-8FDC-42A3-9474-1A3956D46DE8}") = "Libraries", "Libraries", "{999EC79F-0B84-422F-9448-35746476A074}"
	ProjectSection(SolutionItems) = preProject
		Libraries\Lib.Web.Mvc.dll = Libraries\Lib.Web.Mvc.dll
		Libraries\Lib.Web.Mvc.xml = Libraries\Lib.Web.Mvc.xml
		Libraries\log4net.dll = Libraries\log4net.dll
	EndProjectSection
EndProject
Project("{2150E333-8FDC-42A3-9474-1A3956D46DE8}") = "Solution Items", "Solution Items", "{C4485C10-819C-46E8-8487-4FFCDFB4CED8}"
	ProjectSection(SolutionItems) = preProject
		AppConfig.txt = AppConfig.txt
		WebConfig.txt = WebConfig.txt
	EndProjectSection
EndProject
Project("{2150E333-8FDC-42A3-9474-1A3956D46DE8}") = "Documents", "Documents", "{CCB2EC0D-4F97-4BB7-AC36-408C858C3316}"
EndProject
Project("{2150E333-8FDC-42A3-9474-1A3956D46DE8}") = "KNOW_HOW", "KNOW_HOW", "{168F2918-28CF-42E1-A7E4-1A649D607FB0}"
EndProject
Project("{FAE04EC0-301F-11D3-BF4B-00C04F79EFBC}") = "DbBackupRestore", "DbBackupRestore\DbBackupRestore.csproj", "{541EB620-2A8B-473D-97A6-AA9DB87C7B11}"
EndProject
Global
	GlobalSection(TeamFoundationVersionControl) = preSolution
		SccNumberOfProjects = 4
		SccEnterpriseProvider = {4CA58AB2-18FA-4F8D-95D4-32DDF27D184C}
		SccTeamFoundationServer = http://192.168.53.156:8080/tfs/it%20dev%20projects
		SccLocalPath0 = .
		SccProjectUniqueName1 = DbBackupRestore\\DbBackupRestore.csproj
		SccProjectName1 = DbBackupRestore
		SccLocalPath1 = DbBackupRestore
		SccProjectUniqueName2 = PTFReports\\PTFReports.csproj
		SccProjectName2 = PTFReports
		SccLocalPath2 = PTFReports
		SccProjectUniqueName3 = PTFReportsLib\\PTFReportsLib.csproj
		SccProjectName3 = PTFReportsLib
		SccLocalPath3 = PTFReportsLib
	EndGlobalSection
	GlobalSection(SolutionConfigurationPlatforms) = preSolution
		ClassCorter|Any CPU = ClassCorter|Any CPU
		ClassCorter|Mixed Platforms = ClassCorter|Mixed Platforms
		ClassCorter|x86 = ClassCorter|x86
		Debug|Any CPU = Debug|Any CPU
		Debug|Mixed Platforms = Debug|Mixed Platforms
		Debug|x86 = Debug|x86
		Deployment_Debug|Any CPU = Deployment_Debug|Any CPU
		Deployment_Debug|Mixed Platforms = Deployment_Debug|Mixed Platforms
		Deployment_Debug|x86 = Deployment_Debug|x86
		OCR_Debug|Any CPU = OCR_Debug|Any CPU
		OCR_Debug|Mixed Platforms = OCR_Debug|Mixed Platforms
		OCR_Debug|x86 = OCR_Debug|x86
		Release|Any CPU = Release|Any CPU
		Release|Mixed Platforms = Release|Mixed Platforms
		Release|x86 = Release|x86
		VScan_Debug|Any CPU = VScan_Debug|Any CPU
		VScan_Debug|Mixed Platforms = VScan_Debug|Mixed Platforms
		VScan_Debug|x86 = VScan_Debug|x86
	EndGlobalSection
	GlobalSection(ProjectConfigurationPlatforms) = postSolution
		{CCA329AF-114B-489B-9CF0-B43D0ED430F7}.ClassCorter|Any CPU.ActiveCfg = Release|Any CPU
		{CCA329AF-114B-489B-9CF0-B43D0ED430F7}.ClassCorter|Any CPU.Build.0 = Release|Any CPU
		{CCA329AF-114B-489B-9CF0-B43D0ED430F7}.ClassCorter|Mixed Platforms.ActiveCfg = Release|Any CPU
		{CCA329AF-114B-489B-9CF0-B43D0ED430F7}.ClassCorter|Mixed Platforms.Build.0 = Release|Any CPU
		{CCA329AF-114B-489B-9CF0-B43D0ED430F7}.ClassCorter|x86.ActiveCfg = Release|Any CPU
		{CCA329AF-114B-489B-9CF0-B43D0ED430F7}.Debug|Any CPU.ActiveCfg = Debug|Any CPU
		{CCA329AF-114B-489B-9CF0-B43D0ED430F7}.Debug|Any CPU.Build.0 = Debug|Any CPU
		{CCA329AF-114B-489B-9CF0-B43D0ED430F7}.Debug|Mixed Platforms.ActiveCfg = Debug|Any CPU
		{CCA329AF-114B-489B-9CF0-B43D0ED430F7}.Debug|Mixed Platforms.Build.0 = Debug|Any CPU
		{CCA329AF-114B-489B-9CF0-B43D0ED430F7}.Debug|x86.ActiveCfg = Debug|Any CPU
		{CCA329AF-114B-489B-9CF0-B43D0ED430F7}.Deployment_Debug|Any CPU.ActiveCfg = Debug|Any CPU
		{CCA329AF-114B-489B-9CF0-B43D0ED430F7}.Deployment_Debug|Any CPU.Build.0 = Debug|Any CPU
		{CCA329AF-114B-489B-9CF0-B43D0ED430F7}.Deployment_Debug|Mixed Platforms.ActiveCfg = Debug|Any CPU
		{CCA329AF-114B-489B-9CF0-B43D0ED430F7}.Deployment_Debug|Mixed Platforms.Build.0 = Debug|Any CPU
		{CCA329AF-114B-489B-9CF0-B43D0ED430F7}.Deployment_Debug|x86.ActiveCfg = Debug|Any CPU
		{CCA329AF-114B-489B-9CF0-B43D0ED430F7}.OCR_Debug|Any CPU.ActiveCfg = Debug|Any CPU
		{CCA329AF-114B-489B-9CF0-B43D0ED430F7}.OCR_Debug|Any CPU.Build.0 = Debug|Any CPU
		{CCA329AF-114B-489B-9CF0-B43D0ED430F7}.OCR_Debug|Mixed Platforms.ActiveCfg = Debug|Any CPU
		{CCA329AF-114B-489B-9CF0-B43D0ED430F7}.OCR_Debug|Mixed Platforms.Build.0 = Debug|Any CPU
		{CCA329AF-114B-489B-9CF0-B43D0ED430F7}.OCR_Debug|x86.ActiveCfg = Debug|Any CPU
		{CCA329AF-114B-489B-9CF0-B43D0ED430F7}.Release|Any CPU.ActiveCfg = Release|Any CPU
		{CCA329AF-114B-489B-9CF0-B43D0ED430F7}.Release|Any CPU.Build.0 = Release|Any CPU
		{CCA329AF-114B-489B-9CF0-B43D0ED430F7}.Release|Mixed Platforms.ActiveCfg = Release|Any CPU
		{CCA329AF-114B-489B-9CF0-B43D0ED430F7}.Release|Mixed Platforms.Build.0 = Release|Any CPU
		{CCA329AF-114B-489B-9CF0-B43D0ED430F7}.Release|x86.ActiveCfg = Release|Any CPU
		{CCA329AF-114B-489B-9CF0-B43D0ED430F7}.VScan_Debug|Any CPU.ActiveCfg = Debug|Any CPU
		{CCA329AF-114B-489B-9CF0-B43D0ED430F7}.VScan_Debug|Any CPU.Build.0 = Debug|Any CPU
		{CCA329AF-114B-489B-9CF0-B43D0ED430F7}.VScan_Debug|Mixed Platforms.ActiveCfg = Debug|Any CPU
		{CCA329AF-114B-489B-9CF0-B43D0ED430F7}.VScan_Debug|Mixed Platforms.Build.0 = Debug|Any CPU
		{CCA329AF-114B-489B-9CF0-B43D0ED430F7}.VScan_Debug|x86.ActiveCfg = Debug|Any CPU
		{5FADAA3F-1227-4E6C-82A0-064EBE4DC979}.ClassCorter|Any CPU.ActiveCfg = Release|Any CPU
		{5FADAA3F-1227-4E6C-82A0-064EBE4DC979}.ClassCorter|Any CPU.Build.0 = Release|Any CPU
		{5FADAA3F-1227-4E6C-82A0-064EBE4DC979}.ClassCorter|Mixed Platforms.ActiveCfg = Release|Any CPU
		{5FADAA3F-1227-4E6C-82A0-064EBE4DC979}.ClassCorter|Mixed Platforms.Build.0 = Release|Any CPU
		{5FADAA3F-1227-4E6C-82A0-064EBE4DC979}.ClassCorter|x86.ActiveCfg = Release|Any CPU
		{5FADAA3F-1227-4E6C-82A0-064EBE4DC979}.Debug|Any CPU.ActiveCfg = Debug|Any CPU
		{5FADAA3F-1227-4E6C-82A0-064EBE4DC979}.Debug|Any CPU.Build.0 = Debug|Any CPU
		{5FADAA3F-1227-4E6C-82A0-064EBE4DC979}.Debug|Mixed Platforms.ActiveCfg = Debug|Any CPU
		{5FADAA3F-1227-4E6C-82A0-064EBE4DC979}.Debug|Mixed Platforms.Build.0 = Debug|Any CPU
		{5FADAA3F-1227-4E6C-82A0-064EBE4DC979}.Debug|x86.ActiveCfg = Debug|Any CPU
		{5FADAA3F-1227-4E6C-82A0-064EBE4DC979}.Deployment_Debug|Any CPU.ActiveCfg = Debug|Any CPU
		{5FADAA3F-1227-4E6C-82A0-064EBE4DC979}.Deployment_Debug|Any CPU.Build.0 = Debug|Any CPU
		{5FADAA3F-1227-4E6C-82A0-064EBE4DC979}.Deployment_Debug|Mixed Platforms.ActiveCfg = Debug|Any CPU
		{5FADAA3F-1227-4E6C-82A0-064EBE4DC979}.Deployment_Debug|Mixed Platforms.Build.0 = Debug|Any CPU
		{5FADAA3F-1227-4E6C-82A0-064EBE4DC979}.Deployment_Debug|x86.ActiveCfg = Debug|Any CPU
		{5FADAA3F-1227-4E6C-82A0-064EBE4DC979}.OCR_Debug|Any CPU.ActiveCfg = Debug|Any CPU
		{5FADAA3F-1227-4E6C-82A0-064EBE4DC979}.OCR_Debug|Any CPU.Build.0 = Debug|Any CPU
		{5FADAA3F-1227-4E6C-82A0-064EBE4DC979}.OCR_Debug|Mixed Platforms.ActiveCfg = Debug|Any CPU
		{5FADAA3F-1227-4E6C-82A0-064EBE4DC979}.OCR_Debug|Mixed Platforms.Build.0 = Debug|Any CPU
		{5FADAA3F-1227-4E6C-82A0-064EBE4DC979}.OCR_Debug|x86.ActiveCfg = Debug|Any CPU
		{5FADAA3F-1227-4E6C-82A0-064EBE4DC979}.Release|Any CPU.ActiveCfg = Release|Any CPU
		{5FADAA3F-1227-4E6C-82A0-064EBE4DC979}.Release|Any CPU.Build.0 = Release|Any CPU
		{5FADAA3F-1227-4E6C-82A0-064EBE4DC979}.Release|Mixed Platforms.ActiveCfg = Release|Any CPU
		{5FADAA3F-1227-4E6C-82A0-064EBE4DC979}.Release|Mixed Platforms.Build.0 = Release|Any CPU
		{5FADAA3F-1227-4E6C-82A0-064EBE4DC979}.Release|x86.ActiveCfg = Release|Any CPU
		{5FADAA3F-1227-4E6C-82A0-064EBE4DC979}.VScan_Debug|Any CPU.ActiveCfg = Debug|Any CPU
		{5FADAA3F-1227-4E6C-82A0-064EBE4DC979}.VScan_Debug|Any CPU.Build.0 = Debug|Any CPU
		{5FADAA3F-1227-4E6C-82A0-064EBE4DC979}.VScan_Debug|Mixed Platforms.ActiveCfg = Debug|Any CPU
		{5FADAA3F-1227-4E6C-82A0-064EBE4DC979}.VScan_Debug|Mixed Platforms.Build.0 = Debug|Any CPU
		{5FADAA3F-1227-4E6C-82A0-064EBE4DC979}.VScan_Debug|x86.ActiveCfg = Debug|Any CPU
		{541EB620-2A8B-473D-97A6-AA9DB87C7B11}.ClassCorter|Any CPU.ActiveCfg = Release|x86
		{541EB620-2A8B-473D-97A6-AA9DB87C7B11}.ClassCorter|Mixed Platforms.ActiveCfg = Release|x86
		{541EB620-2A8B-473D-97A6-AA9DB87C7B11}.ClassCorter|Mixed Platforms.Build.0 = Release|x86
		{541EB620-2A8B-473D-97A6-AA9DB87C7B11}.ClassCorter|x86.ActiveCfg = Release|x86
		{541EB620-2A8B-473D-97A6-AA9DB87C7B11}.ClassCorter|x86.Build.0 = Release|x86
		{541EB620-2A8B-473D-97A6-AA9DB87C7B11}.Debug|Any CPU.ActiveCfg = Debug|x86
		{541EB620-2A8B-473D-97A6-AA9DB87C7B11}.Debug|Mixed Platforms.ActiveCfg = Debug|x86
		{541EB620-2A8B-473D-97A6-AA9DB87C7B11}.Debug|Mixed Platforms.Build.0 = Debug|x86
		{541EB620-2A8B-473D-97A6-AA9DB87C7B11}.Debug|x86.ActiveCfg = Debug|x86
		{541EB620-2A8B-473D-97A6-AA9DB87C7B11}.Debug|x86.Build.0 = Debug|x86
		{541EB620-2A8B-473D-97A6-AA9DB87C7B11}.Deployment_Debug|Any CPU.ActiveCfg = Debug|x86
		{541EB620-2A8B-473D-97A6-AA9DB87C7B11}.Deployment_Debug|Mixed Platforms.ActiveCfg = Debug|x86
		{541EB620-2A8B-473D-97A6-AA9DB87C7B11}.Deployment_Debug|Mixed Platforms.Build.0 = Debug|x86
		{541EB620-2A8B-473D-97A6-AA9DB87C7B11}.Deployment_Debug|x86.ActiveCfg = Debug|x86
		{541EB620-2A8B-473D-97A6-AA9DB87C7B11}.Deployment_Debug|x86.Build.0 = Debug|x86
		{541EB620-2A8B-473D-97A6-AA9DB87C7B11}.OCR_Debug|Any CPU.ActiveCfg = Debug|x86
		{541EB620-2A8B-473D-97A6-AA9DB87C7B11}.OCR_Debug|Mixed Platforms.ActiveCfg = Debug|x86
		{541EB620-2A8B-473D-97A6-AA9DB87C7B11}.OCR_Debug|Mixed Platforms.Build.0 = Debug|x86
		{541EB620-2A8B-473D-97A6-AA9DB87C7B11}.OCR_Debug|x86.ActiveCfg = Debug|x86
		{541EB620-2A8B-473D-97A6-AA9DB87C7B11}.OCR_Debug|x86.Build.0 = Debug|x86
		{541EB620-2A8B-473D-97A6-AA9DB87C7B11}.Release|Any CPU.ActiveCfg = Release|x86
		{541EB620-2A8B-473D-97A6-AA9DB87C7B11}.Release|Any CPU.Build.0 = Release|x86
		{541EB620-2A8B-473D-97A6-AA9DB87C7B11}.Release|Mixed Platforms.ActiveCfg = Release|x86
		{541EB620-2A8B-473D-97A6-AA9DB87C7B11}.Release|Mixed Platforms.Build.0 = Release|x86
		{541EB620-2A8B-473D-97A6-AA9DB87C7B11}.Release|x86.ActiveCfg = Release|x86
		{541EB620-2A8B-473D-97A6-AA9DB87C7B11}.Release|x86.Build.0 = Release|x86
		{541EB620-2A8B-473D-97A6-AA9DB87C7B11}.VScan_Debug|Any CPU.ActiveCfg = Debug|x86
		{541EB620-2A8B-473D-97A6-AA9DB87C7B11}.VScan_Debug|Mixed Platforms.ActiveCfg = Debug|x86
		{541EB620-2A8B-473D-97A6-AA9DB87C7B11}.VScan_Debug|Mixed Platforms.Build.0 = Debug|x86
		{541EB620-2A8B-473D-97A6-AA9DB87C7B11}.VScan_Debug|x86.ActiveCfg = Debug|x86
		{541EB620-2A8B-473D-97A6-AA9DB87C7B11}.VScan_Debug|x86.Build.0 = Debug|x86
	EndGlobalSection
	GlobalSection(SolutionProperties) = preSolution
		HideSolutionNode = FALSE
	EndGlobalSection
EndGlobal
